{
  "version": "5",
  "specifiers": {
    "npm:preact-render-to-string@^6.5.13": "6.5.13_preact@10.27.0",
    "npm:preact@^10.27.0": "10.27.0",
    "npm:valibot@^1.1.0": "1.1.0"
  },
  "npm": {
    "preact-render-to-string@6.5.13_preact@10.27.0": {
      "integrity": "sha512-iGPd+hKPMFKsfpR2vL4kJ6ZPcFIoWZEcBf0Dpm3zOpdVvj77aY8RlLiQji5OMrngEyaxGogeakTb54uS2FvA6w==",
      "dependencies": [
        "preact"
      ]
    },
    "preact@10.27.0": {
      "integrity": "sha512-/DTYoB6mwwgPytiqQTh/7SFRL98ZdiD8Sk8zIUVOxtwq4oWcwrcd1uno9fE/zZmUaUrFNYzbH14CPebOz9tZQw=="
    },
    "valibot@1.1.0": {
      "integrity": "sha512-Nk8lX30Qhu+9txPYTwM0cFlWLdPFsFr6LblzqIySfbZph9+BFsAHsNvHOymEviUepeIW6KFHzpX8TKhbptBXXw=="
    }
  },
  "workspace": {
    "dependencies": [
      "npm:preact-render-to-string@^6.5.13",
      "npm:preact@^10.27.0",
      "npm:valibot@^1.1.0"
    ]
  }
}
